
Microsoft Visual Studio Solution File, Format Version 12.00
# Visual Studio Version 16
VisualStudioVersion = 16.0.29418.71
MinimumVisualStudioVersion = 10.0.40219.1
Project("{FAE04EC0-301F-11D3-BF4B-00C04F79EFBC}") = "OldMusicBox.EIH.Client", "OldMusicBox.EIH.Client\OldMusicBox.EIH.Client.csproj", "{49E183EF-E8C4-4665-BD87-C35B7AB79624}"
EndProject
Project("{FAE04EC0-301F-11D3-BF4B-00C04F79EFBC}") = "OldMusicBox.EIH.Demo", "OldMusicBox.EIH.Demo\OldMusicBox.EIH.Demo.csproj", "{DEA171FB-9D40-4CCD-BD38-0EC078CC9004}"
EndProject
Project("{FAE04EC0-301F-11D3-BF4B-00C04F79EFBC}") = "OldMusicBox.EIH.Tests", "OldMusicBox.EIH.Tests\OldMusicBox.EIH.Tests.csproj", "{B51A4834-AB87-4A5B-8CC4-41B72F12C172}"
EndProject
Project("{FAE04EC0-301F-11D3-BF4B-00C04F79EFBC}") = "OldMusicBox.EIH.ServerDemo", "OldMusicBox.EIH.ServerDemo\OldMusicBox.EIH.ServerDemo.csproj", "{E501D3D1-DCB3-4569-BF7B-5394698A2829}"
EndProject
Global
	GlobalSection(SolutionConfigurationPlatforms) = preSolution
		Debug|Any CPU = Debug|Any CPU
		Release|Any CPU = Release|Any CPU
	EndGlobalSection
	GlobalSection(ProjectConfigurationPlatforms) = postSolution
		{49E183EF-E8C4-4665-BD87-C35B7AB79624}.Debug|Any CPU.ActiveCfg = Debug|Any CPU
		{49E183EF-E8C4-4665-BD87-C35B7AB79624}.Debug|Any CPU.Build.0 = Debug|Any CPU
		{49E183EF-E8C4-4665-BD87-C35B7AB79624}.Release|Any CPU.ActiveCfg = Release|Any CPU
		{49E183EF-E8C4-4665-BD87-C35B7AB79624}.Release|Any CPU.Build.0 = Release|Any CPU
		{DEA171FB-9D40-4CCD-BD38-0EC078CC9004}.Debug|Any CPU.ActiveCfg = Debug|Any CPU
		{DEA171FB-9D40-4CCD-BD38-0EC078CC9004}.Debug|Any CPU.Build.0 = Debug|Any CPU
		{DEA171FB-9D40-4CCD-BD38-0EC078CC9004}.Release|Any CPU.ActiveCfg = Release|Any CPU
		{DEA171FB-9D40-4CCD-BD38-0EC078CC9004}.Release|Any CPU.Build.0 = Release|Any CPU
		{B51A4834-AB87-4A5B-8CC4-41B72F12C172}.Debug|Any CPU.ActiveCfg = Debug|Any CPU
		{B51A4834-AB87-4A5B-8CC4-41B72F12C172}.Debug|Any CPU.Build.0 = Debug|Any CPU
		{B51A4834-AB87-4A5B-8CC4-41B72F12C172}.Release|Any CPU.ActiveCfg = Release|Any CPU
		{B51A4834-AB87-4A5B-8CC4-41B72F12C172}.Release|Any CPU.Build.0 = Release|Any CPU
		{E501D3D1-DCB3-4569-BF7B-5394698A2829}.Debug|Any CPU.ActiveCfg = Debug|Any CPU
		{E501D3D1-DCB3-4569-BF7B-5394698A2829}.Debug|Any CPU.Build.0 = Debug|Any CPU
		{E501D3D1-DCB3-4569-BF7B-5394698A2829}.Release|Any CPU.ActiveCfg = Release|Any CPU
		{E501D3D1-DCB3-4569-BF7B-5394698A2829}.Release|Any CPU.Build.0 = Release|Any CPU
	EndGlobalSection
	GlobalSection(SolutionProperties) = preSolution
		HideSolutionNode = FALSE
	EndGlobalSection
	GlobalSection(ExtensibilityGlobals) = postSolution
		SolutionGuid = {0B101E02-08FD-4C90-9C06-7E6D0A6A37E0}
	EndGlobalSection
EndGlobal
